
Microsoft Visual Studio Solution File, Format Version 12.00
# Visual Studio 15
Project("{FAE04EC0-301F-11D3-BF4B-00C04F79EFBC}") = "PhotonUnityNetworking.Utilities", "PhotonUnityNetworking.Utilities.csproj", "{0C2B51A6-2EE5-B946-2C1D-01AF548ED498}"
EndProject
Project("{FAE04EC0-301F-11D3-BF4B-00C04F79EFBC}") = "PhotonChat", "PhotonChat.csproj", "{F738CD1F-C0DB-6DA6-D400-A1DB3ECB7DB0}"
EndProject
Project("{FAE04EC0-301F-11D3-BF4B-00C04F79EFBC}") = "PhotonUnityNetworking", "PhotonUnityNetworking.csproj", "{71ACF810-9854-7F64-B6C9-4E6F6F853885}"
EndProject
Project("{FAE04EC0-301F-11D3-BF4B-00C04F79EFBC}") = "PhotonRealtime", "PhotonRealtime.csproj", "{4AC1D18F-4A3A-66B6-FB16-56E47B848CB7}"
EndProject
Project("{FAE04EC0-301F-11D3-BF4B-00C04F79EFBC}") = "Assembly-CSharp", "Assembly-CSharp.csproj", "{1DFEC8F1-F01B-0B86-39EF-E92E293D18E2}"
EndProject
Project("{FAE04EC0-301F-11D3-BF4B-00C04F79EFBC}") = "PhotonWebSocket", "PhotonWebSocket.csproj", "{50D31D82-5575-AC25-301A-B30B7910F315}"
EndProject
Project("{FAE04EC0-301F-11D3-BF4B-00C04F79EFBC}") = "PhotonUnityNetworking.Editor", "PhotonUnityNetworking.Editor.csproj", "{BB2A9981-9B20-0D57-C8CC-32A71A11E0B4}"
EndProject
Project("{FAE04EC0-301F-11D3-BF4B-00C04F79EFBC}") = "PhotonUnityNetworking.Utilities.PhotonPlayer.Editor", "PhotonUnityNetworking.Utilities.PhotonPlayer.Editor.csproj", "{D8D33F96-E5FF-8304-EC6E-B6A44783BC74}"
EndProject
Project("{FAE04EC0-301F-11D3-BF4B-00C04F79EFBC}") = "PhotonUnityNetworking.Utilities.Culling.Editor", "PhotonUnityNetworking.Utilities.Culling.Editor.csproj", "{CB4D884D-CD9D-F968-7482-88C1B81AB33B}"
EndProject
Global
	GlobalSection(SolutionConfigurationPlatforms) = preSolution
		Debug|Any CPU = Debug|Any CPU
		Release|Any CPU = Release|Any CPU
	EndGlobalSection
	GlobalSection(ProjectConfigurationPlatforms) = postSolution
		{0C2B51A6-2EE5-B946-2C1D-01AF548ED498}.Debug|Any CPU.ActiveCfg = Debug|Any CPU
		{0C2B51A6-2EE5-B946-2C1D-01AF548ED498}.Debug|Any CPU.Build.0 = Debug|Any CPU
		{0C2B51A6-2EE5-B946-2C1D-01AF548ED498}.Release|Any CPU.ActiveCfg = Release|Any CPU
		{0C2B51A6-2EE5-B946-2C1D-01AF548ED498}.Release|Any CPU.Build.0 = Release|Any CPU
		{F738CD1F-C0DB-6DA6-D400-A1DB3ECB7DB0}.Debug|Any CPU.ActiveCfg = Debug|Any CPU
		{F738CD1F-C0DB-6DA6-D400-A1DB3ECB7DB0}.Debug|Any CPU.Build.0 = Debug|Any CPU
		{F738CD1F-C0DB-6DA6-D400-A1DB3ECB7DB0}.Release|Any CPU.ActiveCfg = Release|Any CPU
		{F738CD1F-C0DB-6DA6-D400-A1DB3ECB7DB0}.Release|Any CPU.Build.0 = Release|Any CPU
		{71ACF810-9854-7F64-B6C9-4E6F6F853885}.Debug|Any CPU.ActiveCfg = Debug|Any CPU
		{71ACF810-9854-7F64-B6C9-4E6F6F853885}.Debug|Any CPU.Build.0 = Debug|Any CPU
		{71ACF810-9854-7F64-B6C9-4E6F6F853885}.Release|Any CPU.ActiveCfg = Release|Any CPU
		{71ACF810-9854-7F64-B6C9-4E6F6F853885}.Release|Any CPU.Build.0 = Release|Any CPU
		{4AC1D18F-4A3A-66B6-FB16-56E47B848CB7}.Debug|Any CPU.ActiveCfg = Debug|Any CPU
		{4AC1D18F-4A3A-66B6-FB16-56E47B848CB7}.Debug|Any CPU.Build.0 = Debug|Any CPU
		{4AC1D18F-4A3A-66B6-FB16-56E47B848CB7}.Release|Any CPU.ActiveCfg = Release|Any CPU
		{4AC1D18F-4A3A-66B6-FB16-56E47B848CB7}.Release|Any CPU.Build.0 = Release|Any CPU
		{1DFEC8F1-F01B-0B86-39EF-E92E293D18E2}.Debug|Any CPU.ActiveCfg = Debug|Any CPU
		{1DFEC8F1-F01B-0B86-39EF-E92E293D18E2}.Debug|Any CPU.Build.0 = Debug|Any CPU
		{1DFEC8F1-F01B-0B86-39EF-E92E293D18E2}.Release|Any CPU.ActiveCfg = Release|Any CPU
		{1DFEC8F1-F01B-0B86-39EF-E92E293D18E2}.Release|Any CPU.Build.0 = Release|Any CPU
		{50D31D82-5575-AC25-301A-B30B7910F315}.Debug|Any CPU.ActiveCfg = Debug|Any CPU
		{50D31D82-5575-AC25-301A-B30B7910F315}.Debug|Any CPU.Build.0 = Debug|Any CPU
		{50D31D82-5575-AC25-301A-B30B7910F315}.Release|Any CPU.ActiveCfg = Release|Any CPU
		{50D31D82-5575-AC25-301A-B30B7910F315}.Release|Any CPU.Build.0 = Release|Any CPU
		{BB2A9981-9B20-0D57-C8CC-32A71A11E0B4}.Debug|Any CPU.ActiveCfg = Debug|Any CPU
		{BB2A9981-9B20-0D57-C8CC-32A71A11E0B4}.Debug|Any CPU.Build.0 = Debug|Any CPU
		{BB2A9981-9B20-0D57-C8CC-32A71A11E0B4}.Release|Any CPU.ActiveCfg = Release|Any CPU
		{BB2A9981-9B20-0D57-C8CC-32A71A11E0B4}.Release|Any CPU.Build.0 = Release|Any CPU
		{D8D33F96-E5FF-8304-EC6E-B6A44783BC74}.Debug|Any CPU.ActiveCfg = Debug|Any CPU
		{D8D33F96-E5FF-8304-EC6E-B6A44783BC74}.Debug|Any CPU.Build.0 = Debug|Any CPU
		{D8D33F96-E5FF-8304-EC6E-B6A44783BC74}.Release|Any CPU.ActiveCfg = Release|Any CPU
		{D8D33F96-E5FF-8304-EC6E-B6A44783BC74}.Release|Any CPU.Build.0 = Release|Any CPU
		{CB4D884D-CD9D-F968-7482-88C1B81AB33B}.Debug|Any CPU.ActiveCfg = Debug|Any CPU
		{CB4D884D-CD9D-F968-7482-88C1B81AB33B}.Debug|Any CPU.Build.0 = Debug|Any CPU
		{CB4D884D-CD9D-F968-7482-88C1B81AB33B}.Release|Any CPU.ActiveCfg = Release|Any CPU
		{CB4D884D-CD9D-F968-7482-88C1B81AB33B}.Release|Any CPU.Build.0 = Release|Any CPU
	EndGlobalSection
	GlobalSection(SolutionProperties) = preSolution
		HideSolutionNode = FALSE
	EndGlobalSection
EndGlobal
